
Microsoft Visual Studio Solution File, Format Version 12.00
# Visual Studio Version 17
VisualStudioVersion = 17.5.33627.172
MinimumVisualStudioVersion = 10.0.40219.1
Project("{8BC9CEB8-8B4A-11D0-8D11-00A0C91BC942}") = "Perfomance", "Perfomance.vcxproj", "{43C21D46-C0E8-4E06-BC76-28DF5737DC17}"
EndProject
Global
	GlobalSection(SolutionConfigurationPlatforms) = preSolution
		Debug|x64 = Debug|x64
		Debug|x86 = Debug|x86
		Release|x64 = Release|x64
		Release|x86 = Release|x86
	EndGlobalSection
	GlobalSection(ProjectConfigurationPlatforms) = postSolution
		{43C21D46-C0E8-4E06-BC76-28DF5737DC17}.Debug|x64.ActiveCfg = Debug|x64
		{43C21D46-C0E8-4E06-BC76-28DF5737DC17}.Debug|x64.Build.0 = Debug|x64
		{43C21D46-C0E8-4E06-BC76-28DF5737DC17}.Debug|x86.ActiveCfg = Debug|Win32
		{43C21D46-C0E8-4E06-BC76-28DF5737DC17}.Debug|x86.Build.0 = Debug|Win32
		{43C21D46-C0E8-4E06-BC76-28DF5737DC17}.Release|x64.ActiveCfg = Release|x64
		{43C21D46-C0E8-4E06-BC76-28DF5737DC17}.Release|x64.Build.0 = Release|x64
		{43C21D46-C0E8-4E06-BC76-28DF5737DC17}.Release|x86.ActiveCfg = Release|Win32
		{43C21D46-C0E8-4E06-BC76-28DF5737DC17}.Release|x86.Build.0 = Release|Win32
	EndGlobalSection
	GlobalSection(SolutionProperties) = preSolution
		HideSolutionNode = FALSE
	EndGlobalSection
	GlobalSection(ExtensibilityGlobals) = postSolution
		SolutionGuid = {3CB3BF7B-736C-4D2B-8F07-15E1319F3F25}
	EndGlobalSection
EndGlobal
